
Microsoft Visual Studio Solution File, Format Version 12.00
# Visual Studio 2012
# SharpDevelop 5.1
VisualStudioVersion = 12.0.20827.3
MinimumVisualStudioVersion = 10.0.40219.1
Project("{FAE04EC0-301F-11D3-BF4B-00C04F79EFBC}") = "VisapInt", "VisapInt\VisapInt.csproj", "{A6E590D7-E9D7-4988-BD3A-64DFB16CAA87}"
EndProject
Project("{FAE04EC0-301F-11D3-BF4B-00C04F79EFBC}") = "Security", "Security\Security.csproj", "{7AA07062-918B-4ED8-A358-F3ED3106FC19}"
EndProject
Global
	GlobalSection(SolutionConfigurationPlatforms) = preSolution
		Debug|Any CPU = Debug|Any CPU
		Release|Any CPU = Release|Any CPU
	EndGlobalSection
	GlobalSection(ProjectConfigurationPlatforms) = postSolution
		{A6E590D7-E9D7-4988-BD3A-64DFB16CAA87}.Debug|Any CPU.ActiveCfg = Debug|Any CPU
		{A6E590D7-E9D7-4988-BD3A-64DFB16CAA87}.Debug|Any CPU.Build.0 = Debug|Any CPU
		{A6E590D7-E9D7-4988-BD3A-64DFB16CAA87}.Release|Any CPU.ActiveCfg = Release|Any CPU
		{A6E590D7-E9D7-4988-BD3A-64DFB16CAA87}.Release|Any CPU.Build.0 = Release|Any CPU
		{7AA07062-918B-4ED8-A358-F3ED3106FC19}.Debug|Any CPU.ActiveCfg = Debug|Any CPU
		{7AA07062-918B-4ED8-A358-F3ED3106FC19}.Debug|Any CPU.Build.0 = Debug|Any CPU
		{7AA07062-918B-4ED8-A358-F3ED3106FC19}.Release|Any CPU.ActiveCfg = Release|Any CPU
		{7AA07062-918B-4ED8-A358-F3ED3106FC19}.Release|Any CPU.Build.0 = Release|Any CPU
	EndGlobalSection
EndGlobal
